
Microsoft Visual Studio Solution File, Format Version 12.00
# Visual Studio Version 16
VisualStudioVersion = 16.0.30523.141
MinimumVisualStudioVersion = 10.0.40219.1
Project("{FAE04EC0-301F-11D3-BF4B-00C04F79EFBC}") = "Ionasc_Robert_Lab4", "Ionasc_Robert_Lab4\Ionasc_Robert_Lab4.csproj", "{0ECFE3FD-AE66-4E93-BAF2-6C712FFB712A}"
EndProject
Project("{FAE04EC0-301F-11D3-BF4B-00C04F79EFBC}") = "AutoLotModel", "AutoLotModel\AutoLotModel.csproj", "{6A4F43B8-1C0E-4BEA-B829-72163A9D1C0A}"
EndProject
Global
	GlobalSection(SolutionConfigurationPlatforms) = preSolution
		Debug|Any CPU = Debug|Any CPU
		Release|Any CPU = Release|Any CPU
	EndGlobalSection
	GlobalSection(ProjectConfigurationPlatforms) = postSolution
		{0ECFE3FD-AE66-4E93-BAF2-6C712FFB712A}.Debug|Any CPU.ActiveCfg = Debug|Any CPU
		{0ECFE3FD-AE66-4E93-BAF2-6C712FFB712A}.Debug|Any CPU.Build.0 = Debug|Any CPU
		{0ECFE3FD-AE66-4E93-BAF2-6C712FFB712A}.Release|Any CPU.ActiveCfg = Release|Any CPU
		{0ECFE3FD-AE66-4E93-BAF2-6C712FFB712A}.Release|Any CPU.Build.0 = Release|Any CPU
		{6A4F43B8-1C0E-4BEA-B829-72163A9D1C0A}.Debug|Any CPU.ActiveCfg = Debug|Any CPU
		{6A4F43B8-1C0E-4BEA-B829-72163A9D1C0A}.Debug|Any CPU.Build.0 = Debug|Any CPU
		{6A4F43B8-1C0E-4BEA-B829-72163A9D1C0A}.Release|Any CPU.ActiveCfg = Release|Any CPU
		{6A4F43B8-1C0E-4BEA-B829-72163A9D1C0A}.Release|Any CPU.Build.0 = Release|Any CPU
	EndGlobalSection
	GlobalSection(SolutionProperties) = preSolution
		HideSolutionNode = FALSE
	EndGlobalSection
	GlobalSection(ExtensibilityGlobals) = postSolution
		SolutionGuid = {D5DADA5A-70E0-41D8-AD53-971D4D56BB8B}
	EndGlobalSection
EndGlobal
